hash: 9ab16a171de6c10f80860f5f27181bf0f4ad1dd5ef7706bd41b7f04671e030d2
updated: 2017-06-14T16:09:34.536276348+08:00
imports:
- name: bitbucket.org/ww/goautoneg
  version: 75cd24fc2f2c2a2088577d12123ddee5f54e0675
- name: github.com/beorn7/perks
  version: 3ac7bf7a47d159a033b107610db8a1b6575507a4
  subpackages:
  - quantile
- name: github.com/golang/glog
  version: 44145f04b68cf362d9c4df2182967c2275eaefed
- name: github.com/golang/protobuf
  version: 4bd1920723d7b7c925de087aa32e2187708897f7
  subpackages:
  - proto
- name: github.com/matttproud/golang_protobuf_extensions
  version: fc2b8d3a73c4867e51861bbdd5ae3c1f0869dd6a
  subpackages:
  - pbutil
- name: github.com/percona/mongodb_exporter
  version: 9c4d84f5ae096f0949aeb307cab9a612434e5983
  subpackages:
  - collector
  - collector/mongod
  - collector/mongos
  - shared
- name: github.com/prometheus/client_golang
  version: c5b7fccd204277076155f10851dad72b76a49317
  subpackages:
  - prometheus
- name: github.com/prometheus/client_model
  version: fa8ad6fec33561be4280a8f0514318c79d7f6cb6
  subpackages:
  - go
- name: github.com/prometheus/common
  version: ffe929a3f4c4faeaa10f2b9535c2b1be3ad15650
  subpackages:
  - expfmt
  - model
- name: github.com/prometheus/procfs
  version: 454a56f35412459b5e684fd5ec0f9211b94f002a
- name: gopkg.in/mgo.v2
  version: 3f83fa5005286a7fe593b055f0d7771a7dce4655
  subpackages:
  - bson
  - internal/json
  - internal/sasl
  - internal/scram
- name: gopkg.in/yaml.v2
  version: 53feefa2559fb8dfa8d81baad31be332c97d6c77
testImports: []
